
Microsoft Visual Studio Solution File, Format Version 12.00
# Visual Studio Version 17
VisualStudioVersion = 17.14.36429.23 d17.14
MinimumVisualStudioVersion = 10.0.40219.1
Project("{FAE04EC0-301F-11D3-BF4B-00C04F79EFBC}") = "CartonCapsReferrals.Api", "CartonCapsReferrals\CartonCapsReferrals.Api.csproj", "{A7348791-21A1-4251-AD70-866FF830DA40}"
EndProject
Project("{FAE04EC0-301F-11D3-BF4B-00C04F79EFBC}") = "CartonCapsReferrals.Api.Tests", "CartonCapsReferrals.Api.Tests\CartonCapsReferrals.Api.Tests.csproj", "{0852FC7E-0E03-4853-9A23-035247BBB53A}"
EndProject
Global
	GlobalSection(SolutionConfigurationPlatforms) = preSolution
		Debug|Any CPU = Debug|Any CPU
		Release|Any CPU = Release|Any CPU
	EndGlobalSection
	GlobalSection(ProjectConfigurationPlatforms) = postSolution
		{A7348791-21A1-4251-AD70-866FF830DA40}.Debug|Any CPU.ActiveCfg = Debug|Any CPU
		{A7348791-21A1-4251-AD70-866FF830DA40}.Debug|Any CPU.Build.0 = Debug|Any CPU
		{A7348791-21A1-4251-AD70-866FF830DA40}.Release|Any CPU.ActiveCfg = Release|Any CPU
		{A7348791-21A1-4251-AD70-866FF830DA40}.Release|Any CPU.Build.0 = Release|Any CPU
		{0852FC7E-0E03-4853-9A23-035247BBB53A}.Debug|Any CPU.ActiveCfg = Debug|Any CPU
		{0852FC7E-0E03-4853-9A23-035247BBB53A}.Debug|Any CPU.Build.0 = Debug|Any CPU
		{0852FC7E-0E03-4853-9A23-035247BBB53A}.Release|Any CPU.ActiveCfg = Release|Any CPU
		{0852FC7E-0E03-4853-9A23-035247BBB53A}.Release|Any CPU.Build.0 = Release|Any CPU
	EndGlobalSection
	GlobalSection(SolutionProperties) = preSolution
		HideSolutionNode = FALSE
	EndGlobalSection
	GlobalSection(ExtensibilityGlobals) = postSolution
		SolutionGuid = {0B38B2B9-5635-44D8-8526-90FBDB0F7997}
	EndGlobalSection
EndGlobal
